
Microsoft Visual Studio Solution File, Format Version 12.00
# Visual Studio Version 17
VisualStudioVersion = 17.7.34221.43
MinimumVisualStudioVersion = 10.0.40219.1
Project("{9A19103F-16F7-4668-BE54-9A1E7A4F7556}") = "AmigoSecreto.API", "AmigoSecreto.API\AmigoSecreto.API.csproj", "{84E74BA1-8427-4F4C-AFA6-8D321EC706A0}"
EndProject
Project("{9A19103F-16F7-4668-BE54-9A1E7A4F7556}") = "AmigoSecreto.Desktop", "AmigoSecreto.Desktop\AmigoSecreto.Desktop.csproj", "{61D496ED-F002-4D75-994A-5CCB512B762B}"
EndProject
Project("{9A19103F-16F7-4668-BE54-9A1E7A4F7556}") = "AmigoSecreto.Web", "AmigoSecreto.Web\AmigoSecreto.Web.csproj", "{6A877EDC-2EAE-4F74-A751-1642243B14AD}"
EndProject
Global
	GlobalSection(SolutionConfigurationPlatforms) = preSolution
		Debug|Any CPU = Debug|Any CPU
		Release|Any CPU = Release|Any CPU
	EndGlobalSection
	GlobalSection(ProjectConfigurationPlatforms) = postSolution
		{84E74BA1-8427-4F4C-AFA6-8D321EC706A0}.Debug|Any CPU.ActiveCfg = Debug|Any CPU
		{84E74BA1-8427-4F4C-AFA6-8D321EC706A0}.Debug|Any CPU.Build.0 = Debug|Any CPU
		{84E74BA1-8427-4F4C-AFA6-8D321EC706A0}.Release|Any CPU.ActiveCfg = Release|Any CPU
		{84E74BA1-8427-4F4C-AFA6-8D321EC706A0}.Release|Any CPU.Build.0 = Release|Any CPU
		{61D496ED-F002-4D75-994A-5CCB512B762B}.Debug|Any CPU.ActiveCfg = Debug|Any CPU
		{61D496ED-F002-4D75-994A-5CCB512B762B}.Debug|Any CPU.Build.0 = Debug|Any CPU
		{61D496ED-F002-4D75-994A-5CCB512B762B}.Release|Any CPU.ActiveCfg = Release|Any CPU
		{61D496ED-F002-4D75-994A-5CCB512B762B}.Release|Any CPU.Build.0 = Release|Any CPU
		{6A877EDC-2EAE-4F74-A751-1642243B14AD}.Debug|Any CPU.ActiveCfg = Debug|Any CPU
		{6A877EDC-2EAE-4F74-A751-1642243B14AD}.Debug|Any CPU.Build.0 = Debug|Any CPU
		{6A877EDC-2EAE-4F74-A751-1642243B14AD}.Release|Any CPU.ActiveCfg = Release|Any CPU
		{6A877EDC-2EAE-4F74-A751-1642243B14AD}.Release|Any CPU.Build.0 = Release|Any CPU
	EndGlobalSection
	GlobalSection(SolutionProperties) = preSolution
		HideSolutionNode = FALSE
	EndGlobalSection
	GlobalSection(ExtensibilityGlobals) = postSolution
		SolutionGuid = {464229ED-6F97-4FD2-B2BA-58740F4772F3}
	EndGlobalSection
EndGlobal
